
Microsoft Visual Studio Solution File, Format Version 12.00
# Visual Studio Version 17
VisualStudioVersion = 17.14.36429.23 d17.14
MinimumVisualStudioVersion = 10.0.40219.1
Project("{FAE04EC0-301F-11D3-BF4B-00C04F79EFBC}") = "TestProject1", "TestProject1.csproj", "{04A87C9A-3DF6-4D7C-AFD6-50E42AA5E3AF}"
EndProject
Global
	GlobalSection(SolutionConfigurationPlatforms) = preSolution
		Debug|Any CPU = Debug|Any CPU
		Release|Any CPU = Release|Any CPU
	EndGlobalSection
	GlobalSection(ProjectConfigurationPlatforms) = postSolution
		{04A87C9A-3DF6-4D7C-AFD6-50E42AA5E3AF}.Debug|Any CPU.ActiveCfg = Debug|Any CPU
		{04A87C9A-3DF6-4D7C-AFD6-50E42AA5E3AF}.Debug|Any CPU.Build.0 = Debug|Any CPU
		{04A87C9A-3DF6-4D7C-AFD6-50E42AA5E3AF}.Release|Any CPU.ActiveCfg = Release|Any CPU
		{04A87C9A-3DF6-4D7C-AFD6-50E42AA5E3AF}.Release|Any CPU.Build.0 = Release|Any CPU
	EndGlobalSection
	GlobalSection(SolutionProperties) = preSolution
		HideSolutionNode = FALSE
	EndGlobalSection
	GlobalSection(ExtensibilityGlobals) = postSolution
		SolutionGuid = {B10C0F99-5A15-4188-B9A7-A086D67A539D}
	EndGlobalSection
EndGlobal
