
Microsoft Visual Studio Solution File, Format Version 12.00
# Visual Studio Version 17
VisualStudioVersion = 17.14.36429.23 d17.14
MinimumVisualStudioVersion = 10.0.40219.1
Project("{FAE04EC0-301F-11D3-BF4B-00C04F79EFBC}") = "TestProject1", "TestProject1.csproj", "{6CC15E03-26E7-447C-8C06-DB134064010A}"
EndProject
Global
	GlobalSection(SolutionConfigurationPlatforms) = preSolution
		Debug|Any CPU = Debug|Any CPU
		Release|Any CPU = Release|Any CPU
	EndGlobalSection
	GlobalSection(ProjectConfigurationPlatforms) = postSolution
		{6CC15E03-26E7-447C-8C06-DB134064010A}.Debug|Any CPU.ActiveCfg = Debug|Any CPU
		{6CC15E03-26E7-447C-8C06-DB134064010A}.Debug|Any CPU.Build.0 = Debug|Any CPU
		{6CC15E03-26E7-447C-8C06-DB134064010A}.Release|Any CPU.ActiveCfg = Release|Any CPU
		{6CC15E03-26E7-447C-8C06-DB134064010A}.Release|Any CPU.Build.0 = Release|Any CPU
	EndGlobalSection
	GlobalSection(SolutionProperties) = preSolution
		HideSolutionNode = FALSE
	EndGlobalSection
	GlobalSection(ExtensibilityGlobals) = postSolution
		SolutionGuid = {21310CC9-BE8A-4B21-AF77-5AD0CC9637A4}
	EndGlobalSection
EndGlobal
